
Microsoft Visual Studio Solution File, Format Version 12.00
# Visual Studio Version 17
VisualStudioVersion = 17.5.33530.505
MinimumVisualStudioVersion = 10.0.40219.1
Project("{FAE04EC0-301F-11D3-BF4B-00C04F79EFBC}") = "BelajarUnitTest", "BelajarUnitTest\BelajarUnitTest.csproj", "{A7DAEFD1-3CB9-4751-99F2-19E245F1E578}"
EndProject
Project("{FAE04EC0-301F-11D3-BF4B-00C04F79EFBC}") = "BelajarUnitTest.Test", "BelajarUnitTest.Test\BelajarUnitTest.Test.csproj", "{5EB49DC9-F189-425A-9CB6-34721EA97D18}"
EndProject
Global
	GlobalSection(SolutionConfigurationPlatforms) = preSolution
		Debug|Any CPU = Debug|Any CPU
		Release|Any CPU = Release|Any CPU
	EndGlobalSection
	GlobalSection(ProjectConfigurationPlatforms) = postSolution
		{A7DAEFD1-3CB9-4751-99F2-19E245F1E578}.Debug|Any CPU.ActiveCfg = Debug|Any CPU
		{A7DAEFD1-3CB9-4751-99F2-19E245F1E578}.Debug|Any CPU.Build.0 = Debug|Any CPU
		{A7DAEFD1-3CB9-4751-99F2-19E245F1E578}.Release|Any CPU.ActiveCfg = Release|Any CPU
		{A7DAEFD1-3CB9-4751-99F2-19E245F1E578}.Release|Any CPU.Build.0 = Release|Any CPU
		{5EB49DC9-F189-425A-9CB6-34721EA97D18}.Debug|Any CPU.ActiveCfg = Debug|Any CPU
		{5EB49DC9-F189-425A-9CB6-34721EA97D18}.Debug|Any CPU.Build.0 = Debug|Any CPU
		{5EB49DC9-F189-425A-9CB6-34721EA97D18}.Release|Any CPU.ActiveCfg = Release|Any CPU
		{5EB49DC9-F189-425A-9CB6-34721EA97D18}.Release|Any CPU.Build.0 = Release|Any CPU
	EndGlobalSection
	GlobalSection(SolutionProperties) = preSolution
		HideSolutionNode = FALSE
	EndGlobalSection
	GlobalSection(ExtensibilityGlobals) = postSolution
		SolutionGuid = {6FFEE553-AC77-479F-821D-743C2A4CA5ED}
	EndGlobalSection
EndGlobal
